
Microsoft Visual Studio Solution File, Format Version 12.00
# Visual Studio Version 17
VisualStudioVersion = 17.5.33424.131
MinimumVisualStudioVersion = 10.0.40219.1
Project("{9A19103F-16F7-4668-BE54-9A1E7A4F7556}") = "CloneHabrService", "CloneHabrService\CloneHabrService.csproj", "{1C367B3D-7F81-4339-930E-FFB3429B70D6}"
EndProject
Project("{9A19103F-16F7-4668-BE54-9A1E7A4F7556}") = "CloneHabr.Data", "CloneHabr.Data\CloneHabr.Data.csproj", "{6C3697D7-2AF2-43FD-8C63-2F475A68CF95}"
EndProject
Project("{9A19103F-16F7-4668-BE54-9A1E7A4F7556}") = "CloneHabr.BlazorUI", "CloneHabr.BlazorUI\CloneHabr.BlazorUI.csproj", "{32F121BB-14FA-4F94-8FA3-6F11C4F4D9CA}"
EndProject
Project("{9A19103F-16F7-4668-BE54-9A1E7A4F7556}") = "CloneHabr.Dto", "CloneHabr.Dto\CloneHabr.Dto.csproj", "{01922704-CDEA-4F77-BCFC-4F8B3E3869E2}"
EndProject
Global
	GlobalSection(SolutionConfigurationPlatforms) = preSolution
		Debug|Any CPU = Debug|Any CPU
		Release|Any CPU = Release|Any CPU
	EndGlobalSection
	GlobalSection(ProjectConfigurationPlatforms) = postSolution
		{1C367B3D-7F81-4339-930E-FFB3429B70D6}.Debug|Any CPU.ActiveCfg = Debug|Any CPU
		{1C367B3D-7F81-4339-930E-FFB3429B70D6}.Debug|Any CPU.Build.0 = Debug|Any CPU
		{1C367B3D-7F81-4339-930E-FFB3429B70D6}.Release|Any CPU.ActiveCfg = Release|Any CPU
		{1C367B3D-7F81-4339-930E-FFB3429B70D6}.Release|Any CPU.Build.0 = Release|Any CPU
		{6C3697D7-2AF2-43FD-8C63-2F475A68CF95}.Debug|Any CPU.ActiveCfg = Debug|Any CPU
		{6C3697D7-2AF2-43FD-8C63-2F475A68CF95}.Debug|Any CPU.Build.0 = Debug|Any CPU
		{6C3697D7-2AF2-43FD-8C63-2F475A68CF95}.Release|Any CPU.ActiveCfg = Release|Any CPU
		{6C3697D7-2AF2-43FD-8C63-2F475A68CF95}.Release|Any CPU.Build.0 = Release|Any CPU
		{32F121BB-14FA-4F94-8FA3-6F11C4F4D9CA}.Debug|Any CPU.ActiveCfg = Debug|Any CPU
		{32F121BB-14FA-4F94-8FA3-6F11C4F4D9CA}.Debug|Any CPU.Build.0 = Debug|Any CPU
		{32F121BB-14FA-4F94-8FA3-6F11C4F4D9CA}.Release|Any CPU.ActiveCfg = Release|Any CPU
		{32F121BB-14FA-4F94-8FA3-6F11C4F4D9CA}.Release|Any CPU.Build.0 = Release|Any CPU
		{01922704-CDEA-4F77-BCFC-4F8B3E3869E2}.Debug|Any CPU.ActiveCfg = Debug|Any CPU
		{01922704-CDEA-4F77-BCFC-4F8B3E3869E2}.Debug|Any CPU.Build.0 = Debug|Any CPU
		{01922704-CDEA-4F77-BCFC-4F8B3E3869E2}.Release|Any CPU.ActiveCfg = Release|Any CPU
		{01922704-CDEA-4F77-BCFC-4F8B3E3869E2}.Release|Any CPU.Build.0 = Release|Any CPU
	EndGlobalSection
	GlobalSection(SolutionProperties) = preSolution
		HideSolutionNode = FALSE
	EndGlobalSection
	GlobalSection(ExtensibilityGlobals) = postSolution
		SolutionGuid = {EE9600F0-13FA-48EB-ABFB-804F93F6A6BA}
	EndGlobalSection
EndGlobal
